
Microsoft Visual Studio Solution File, Format Version 12.00
# Visual Studio Version 16
VisualStudioVersion = 25.0.1706.4
MinimumVisualStudioVersion = 10.0.40219.1
Project("{FAE04EC0-301F-11D3-BF4B-00C04F79EFBC}") = "Counter", "Counter\Counter.csproj", "{9683C7B3-A084-4854-88FB-F8676B25CEA5}"
EndProject
Global
	GlobalSection(SolutionConfigurationPlatforms) = preSolution
		Debug|Any CPU = Debug|Any CPU
		Release|Any CPU = Release|Any CPU
	EndGlobalSection
	GlobalSection(ProjectConfigurationPlatforms) = postSolution
		{9683C7B3-A084-4854-88FB-F8676B25CEA5}.Debug|Any CPU.ActiveCfg = Debug|Any CPU
		{9683C7B3-A084-4854-88FB-F8676B25CEA5}.Debug|Any CPU.Build.0 = Debug|Any CPU
		{9683C7B3-A084-4854-88FB-F8676B25CEA5}.Release|Any CPU.ActiveCfg = Release|Any CPU
		{9683C7B3-A084-4854-88FB-F8676B25CEA5}.Release|Any CPU.Build.0 = Release|Any CPU
	EndGlobalSection
	GlobalSection(SolutionProperties) = preSolution
		HideSolutionNode = FALSE
	EndGlobalSection
	GlobalSection(ExtensibilityGlobals) = postSolution
		SolutionGuid = {786C6777-3446-4DE3-96A1-AAE80427D450}
	EndGlobalSection
EndGlobal
